
Microsoft Visual Studio Solution File, Format Version 12.00
# Visual Studio Version 17
VisualStudioVersion = 17.7.34009.444
MinimumVisualStudioVersion = 10.0.40219.1
Project("{FAE04EC0-301F-11D3-BF4B-00C04F79EFBC}") = "Intelly-Api", "Intelly-Api\Intelly-Api.csproj", "{470D0066-1C0C-4D75-BE93-819B1844FCEB}"
EndProject
Global
	GlobalSection(SolutionConfigurationPlatforms) = preSolution
		Debug|Any CPU = Debug|Any CPU
		Release|Any CPU = Release|Any CPU
	EndGlobalSection
	GlobalSection(ProjectConfigurationPlatforms) = postSolution
		{470D0066-1C0C-4D75-BE93-819B1844FCEB}.Debug|Any CPU.ActiveCfg = Debug|Any CPU
		{470D0066-1C0C-4D75-BE93-819B1844FCEB}.Debug|Any CPU.Build.0 = Debug|Any CPU
		{470D0066-1C0C-4D75-BE93-819B1844FCEB}.Release|Any CPU.ActiveCfg = Release|Any CPU
		{470D0066-1C0C-4D75-BE93-819B1844FCEB}.Release|Any CPU.Build.0 = Release|Any CPU
	EndGlobalSection
	GlobalSection(SolutionProperties) = preSolution
		HideSolutionNode = FALSE
	EndGlobalSection
	GlobalSection(ExtensibilityGlobals) = postSolution
		SolutionGuid = {7E036187-6A42-44F2-A064-71B0881828C7}
	EndGlobalSection
EndGlobal
